
Microsoft Visual Studio Solution File, Format Version 12.00
# Visual Studio Version 17
VisualStudioVersion = 17.0.31717.71
MinimumVisualStudioVersion = 10.0.40219.1
Project("{2150E333-8FDC-42A3-9474-1A3956D46DE8}") = "src", "src", "{5BA0AEFB-1886-4ABF-8EF7-EE1608A09D42}"
EndProject
Project("{9A19103F-16F7-4668-BE54-9A1E7A4F7556}") = "WebJobs.Extensions.ApplicationInsights", "src\WebJobs\WebJobs.Extensions.ApplicationInsights.csproj", "{3F226612-650D-4798-BE63-87F16701C198}"
EndProject
Project("{2150E333-8FDC-42A3-9474-1A3956D46DE8}") = "build", "build", "{F9EB9435-24A1-4E70-85E4-78A6EC722B61}"
	ProjectSection(SolutionItems) = preProject
		build\common.props = build\common.props
	EndProjectSection
EndProject
Project("{9A19103F-16F7-4668-BE54-9A1E7A4F7556}") = "Worker.Extensions.ApplicationInsights", "src\Worker\Worker.Extensions.ApplicationInsights.csproj", "{FDDE377F-23C8-487C-9CDE-A781D69FC160}"
EndProject
Global
	GlobalSection(SolutionConfigurationPlatforms) = preSolution
		Debug|Any CPU = Debug|Any CPU
		Release|Any CPU = Release|Any CPU
	EndGlobalSection
	GlobalSection(ProjectConfigurationPlatforms) = postSolution
		{3F226612-650D-4798-BE63-87F16701C198}.Debug|Any CPU.ActiveCfg = Debug|Any CPU
		{3F226612-650D-4798-BE63-87F16701C198}.Debug|Any CPU.Build.0 = Debug|Any CPU
		{3F226612-650D-4798-BE63-87F16701C198}.Release|Any CPU.ActiveCfg = Release|Any CPU
		{3F226612-650D-4798-BE63-87F16701C198}.Release|Any CPU.Build.0 = Release|Any CPU
		{FDDE377F-23C8-487C-9CDE-A781D69FC160}.Debug|Any CPU.ActiveCfg = Debug|Any CPU
		{FDDE377F-23C8-487C-9CDE-A781D69FC160}.Debug|Any CPU.Build.0 = Debug|Any CPU
		{FDDE377F-23C8-487C-9CDE-A781D69FC160}.Release|Any CPU.ActiveCfg = Release|Any CPU
		{FDDE377F-23C8-487C-9CDE-A781D69FC160}.Release|Any CPU.Build.0 = Release|Any CPU
	EndGlobalSection
	GlobalSection(SolutionProperties) = preSolution
		HideSolutionNode = FALSE
	EndGlobalSection
	GlobalSection(NestedProjects) = preSolution
		{3F226612-650D-4798-BE63-87F16701C198} = {5BA0AEFB-1886-4ABF-8EF7-EE1608A09D42}
		{FDDE377F-23C8-487C-9CDE-A781D69FC160} = {5BA0AEFB-1886-4ABF-8EF7-EE1608A09D42}
	EndGlobalSection
	GlobalSection(ExtensibilityGlobals) = postSolution
		SolutionGuid = {5B1D8FED-70B1-4A33-80BF-B657D77BB124}
	EndGlobalSection
EndGlobal
